
Microsoft Visual Studio Solution File, Format Version 12.00
Project("{FAE04EC0-301F-11D3-BF4B-00C04F79EFBC}") = "RestaurantsApi.WebService", "src\RestaurantsApi.WebService\RestaurantsApi.WebService.csproj", "{D729FA7F-CCD0-4601-AEE6-6DCA1AA73B42}"
EndProject
Project("{FAE04EC0-301F-11D3-BF4B-00C04F79EFBC}") = "RestaurantsApi.Commons", "src\RestaurantsApi.Commons\RestaurantsApi.Commons.csproj", "{08FBA7B2-E42D-4444-8DE6-B74233CB46CE}"
EndProject
Project("{2150E333-8FDC-42A3-9474-1A3956D46DE8}") = "src", "src", "{F72E1D89-7669-449D-958E-1FC6A70498D3}"
EndProject
Project("{2150E333-8FDC-42A3-9474-1A3956D46DE8}") = "test", "test", "{4DDFBBAE-B46A-4FE3-963E-92E4E0F83DD0}"
EndProject
Project("{FAE04EC0-301F-11D3-BF4B-00C04F79EFBC}") = "WebService.UnitTests", "test\WebService.UnitTests\WebService.UnitTests.csproj", "{71E1E105-69F2-479E-9E13-19B6D726622B}"
EndProject
Project("{FAE04EC0-301F-11D3-BF4B-00C04F79EFBC}") = "RestaurantsApi.Models", "src\RestaurantsApi.Models\RestaurantsApi.Models.csproj", "{EFA6B6C1-DE50-459F-A88F-431BEF2AB1E1}"
EndProject
Project("{FAE04EC0-301F-11D3-BF4B-00C04F79EFBC}") = "RestaurantsApi.Mappers", "src\RestaurantsApi.Mappers\RestaurantsApi.Mappers.csproj", "{CA245E22-E319-41AA-A147-93607AF9F752}"
EndProject
Project("{FAE04EC0-301F-11D3-BF4B-00C04F79EFBC}") = "RestaurantsApi.Dtos", "src\RestaurantsApi.Dtos\RestaurantsApi.Dtos.csproj", "{0EEEBF31-ECF6-478C-82DB-FDA72E4C7A03}"
EndProject
Project("{FAE04EC0-301F-11D3-BF4B-00C04F79EFBC}") = "RestaurantsApi.Services", "src\RestaurantsApi.Services\RestaurantsApi.Services.csproj", "{0391B571-57C5-45D1-BA94-1744237E009E}"
EndProject
Project("{FAE04EC0-301F-11D3-BF4B-00C04F79EFBC}") = "RestaurantsApi.Services.Abstractions", "src\RestaurantsApi.Services.Abstractions\RestaurantsApi.Services.Abstractions.csproj", "{996DB15E-4A4C-42A2-A6F0-B936DDD77F34}"
EndProject
Project("{FAE04EC0-301F-11D3-BF4B-00C04F79EFBC}") = "RestaurantsApi.Repositories", "src\RestaurantsApi.Repositories\RestaurantsApi.Repositories.csproj", "{6C762720-C3E4-4922-8C11-4F20A6FBA926}"
EndProject
Project("{FAE04EC0-301F-11D3-BF4B-00C04F79EFBC}") = "RestaurantsApi.ViewModels", "src\RestaurantsApi.ViewModels\RestaurantsApi.ViewModels.csproj", "{F57824CA-B428-4F72-A686-12EF6C8173C1}"
EndProject
Project("{FAE04EC0-301F-11D3-BF4B-00C04F79EFBC}") = "RestaurantsApi.IdentityServer", "src\RestaurantsApi.IdentityServer\RestaurantsApi.IdentityServer.csproj", "{13DB1A17-E39F-4C13-97CF-D0F0ED5A4289}"
EndProject
Project("{FAE04EC0-301F-11D3-BF4B-00C04F79EFBC}") = "RestaurantsApi.DbSeeder", "src\RestaurantsApi.DbSeeder\RestaurantsApi.DbSeeder.csproj", "{8954D23A-9132-4D87-B7F5-242EEBA826E9}"
EndProject
Global
	GlobalSection(SolutionConfigurationPlatforms) = preSolution
		Debug|Any CPU = Debug|Any CPU
		Release|Any CPU = Release|Any CPU
	EndGlobalSection
	GlobalSection(ProjectConfigurationPlatforms) = postSolution
		{D729FA7F-CCD0-4601-AEE6-6DCA1AA73B42}.Debug|Any CPU.ActiveCfg = Debug|Any CPU
		{D729FA7F-CCD0-4601-AEE6-6DCA1AA73B42}.Debug|Any CPU.Build.0 = Debug|Any CPU
		{D729FA7F-CCD0-4601-AEE6-6DCA1AA73B42}.Release|Any CPU.ActiveCfg = Release|Any CPU
		{D729FA7F-CCD0-4601-AEE6-6DCA1AA73B42}.Release|Any CPU.Build.0 = Release|Any CPU
		{08FBA7B2-E42D-4444-8DE6-B74233CB46CE}.Debug|Any CPU.ActiveCfg = Debug|Any CPU
		{08FBA7B2-E42D-4444-8DE6-B74233CB46CE}.Debug|Any CPU.Build.0 = Debug|Any CPU
		{08FBA7B2-E42D-4444-8DE6-B74233CB46CE}.Release|Any CPU.ActiveCfg = Release|Any CPU
		{08FBA7B2-E42D-4444-8DE6-B74233CB46CE}.Release|Any CPU.Build.0 = Release|Any CPU
		{71E1E105-69F2-479E-9E13-19B6D726622B}.Debug|Any CPU.ActiveCfg = Debug|Any CPU
		{71E1E105-69F2-479E-9E13-19B6D726622B}.Debug|Any CPU.Build.0 = Debug|Any CPU
		{71E1E105-69F2-479E-9E13-19B6D726622B}.Release|Any CPU.ActiveCfg = Release|Any CPU
		{71E1E105-69F2-479E-9E13-19B6D726622B}.Release|Any CPU.Build.0 = Release|Any CPU
		{EFA6B6C1-DE50-459F-A88F-431BEF2AB1E1}.Debug|Any CPU.ActiveCfg = Debug|Any CPU
		{EFA6B6C1-DE50-459F-A88F-431BEF2AB1E1}.Debug|Any CPU.Build.0 = Debug|Any CPU
		{EFA6B6C1-DE50-459F-A88F-431BEF2AB1E1}.Release|Any CPU.ActiveCfg = Release|Any CPU
		{EFA6B6C1-DE50-459F-A88F-431BEF2AB1E1}.Release|Any CPU.Build.0 = Release|Any CPU
		{CA245E22-E319-41AA-A147-93607AF9F752}.Debug|Any CPU.ActiveCfg = Debug|Any CPU
		{CA245E22-E319-41AA-A147-93607AF9F752}.Debug|Any CPU.Build.0 = Debug|Any CPU
		{CA245E22-E319-41AA-A147-93607AF9F752}.Release|Any CPU.ActiveCfg = Release|Any CPU
		{CA245E22-E319-41AA-A147-93607AF9F752}.Release|Any CPU.Build.0 = Release|Any CPU
		{0EEEBF31-ECF6-478C-82DB-FDA72E4C7A03}.Debug|Any CPU.ActiveCfg = Debug|Any CPU
		{0EEEBF31-ECF6-478C-82DB-FDA72E4C7A03}.Debug|Any CPU.Build.0 = Debug|Any CPU
		{0EEEBF31-ECF6-478C-82DB-FDA72E4C7A03}.Release|Any CPU.ActiveCfg = Release|Any CPU
		{0EEEBF31-ECF6-478C-82DB-FDA72E4C7A03}.Release|Any CPU.Build.0 = Release|Any CPU
		{0391B571-57C5-45D1-BA94-1744237E009E}.Debug|Any CPU.ActiveCfg = Debug|Any CPU
		{0391B571-57C5-45D1-BA94-1744237E009E}.Debug|Any CPU.Build.0 = Debug|Any CPU
		{0391B571-57C5-45D1-BA94-1744237E009E}.Release|Any CPU.ActiveCfg = Release|Any CPU
		{0391B571-57C5-45D1-BA94-1744237E009E}.Release|Any CPU.Build.0 = Release|Any CPU
		{996DB15E-4A4C-42A2-A6F0-B936DDD77F34}.Debug|Any CPU.ActiveCfg = Debug|Any CPU
		{996DB15E-4A4C-42A2-A6F0-B936DDD77F34}.Debug|Any CPU.Build.0 = Debug|Any CPU
		{996DB15E-4A4C-42A2-A6F0-B936DDD77F34}.Release|Any CPU.ActiveCfg = Release|Any CPU
		{996DB15E-4A4C-42A2-A6F0-B936DDD77F34}.Release|Any CPU.Build.0 = Release|Any CPU
		{6C762720-C3E4-4922-8C11-4F20A6FBA926}.Debug|Any CPU.ActiveCfg = Debug|Any CPU
		{6C762720-C3E4-4922-8C11-4F20A6FBA926}.Debug|Any CPU.Build.0 = Debug|Any CPU
		{6C762720-C3E4-4922-8C11-4F20A6FBA926}.Release|Any CPU.ActiveCfg = Release|Any CPU
		{6C762720-C3E4-4922-8C11-4F20A6FBA926}.Release|Any CPU.Build.0 = Release|Any CPU
		{F57824CA-B428-4F72-A686-12EF6C8173C1}.Debug|Any CPU.ActiveCfg = Debug|Any CPU
		{F57824CA-B428-4F72-A686-12EF6C8173C1}.Debug|Any CPU.Build.0 = Debug|Any CPU
		{F57824CA-B428-4F72-A686-12EF6C8173C1}.Release|Any CPU.ActiveCfg = Release|Any CPU
		{F57824CA-B428-4F72-A686-12EF6C8173C1}.Release|Any CPU.Build.0 = Release|Any CPU
		{13DB1A17-E39F-4C13-97CF-D0F0ED5A4289}.Debug|Any CPU.ActiveCfg = Debug|Any CPU
		{13DB1A17-E39F-4C13-97CF-D0F0ED5A4289}.Debug|Any CPU.Build.0 = Debug|Any CPU
		{13DB1A17-E39F-4C13-97CF-D0F0ED5A4289}.Release|Any CPU.ActiveCfg = Release|Any CPU
		{13DB1A17-E39F-4C13-97CF-D0F0ED5A4289}.Release|Any CPU.Build.0 = Release|Any CPU
		{8954D23A-9132-4D87-B7F5-242EEBA826E9}.Debug|Any CPU.ActiveCfg = Debug|Any CPU
		{8954D23A-9132-4D87-B7F5-242EEBA826E9}.Debug|Any CPU.Build.0 = Debug|Any CPU
		{8954D23A-9132-4D87-B7F5-242EEBA826E9}.Release|Any CPU.ActiveCfg = Release|Any CPU
		{8954D23A-9132-4D87-B7F5-242EEBA826E9}.Release|Any CPU.Build.0 = Release|Any CPU
	EndGlobalSection
	GlobalSection(NestedProjects) = preSolution
		{08FBA7B2-E42D-4444-8DE6-B74233CB46CE} = {F72E1D89-7669-449D-958E-1FC6A70498D3}
		{D729FA7F-CCD0-4601-AEE6-6DCA1AA73B42} = {F72E1D89-7669-449D-958E-1FC6A70498D3}
		{71E1E105-69F2-479E-9E13-19B6D726622B} = {4DDFBBAE-B46A-4FE3-963E-92E4E0F83DD0}
		{EFA6B6C1-DE50-459F-A88F-431BEF2AB1E1} = {F72E1D89-7669-449D-958E-1FC6A70498D3}
		{CA245E22-E319-41AA-A147-93607AF9F752} = {F72E1D89-7669-449D-958E-1FC6A70498D3}
		{0EEEBF31-ECF6-478C-82DB-FDA72E4C7A03} = {F72E1D89-7669-449D-958E-1FC6A70498D3}
		{0391B571-57C5-45D1-BA94-1744237E009E} = {F72E1D89-7669-449D-958E-1FC6A70498D3}
		{996DB15E-4A4C-42A2-A6F0-B936DDD77F34} = {F72E1D89-7669-449D-958E-1FC6A70498D3}
		{6C762720-C3E4-4922-8C11-4F20A6FBA926} = {F72E1D89-7669-449D-958E-1FC6A70498D3}
		{F57824CA-B428-4F72-A686-12EF6C8173C1} = {F72E1D89-7669-449D-958E-1FC6A70498D3}
		{13DB1A17-E39F-4C13-97CF-D0F0ED5A4289} = {F72E1D89-7669-449D-958E-1FC6A70498D3}
		{8954D23A-9132-4D87-B7F5-242EEBA826E9} = {F72E1D89-7669-449D-958E-1FC6A70498D3}
	EndGlobalSection
EndGlobal
